
Microsoft Visual Studio Solution File, Format Version 12.00
# Visual Studio Version 17
VisualStudioVersion = 17.7.34031.279
MinimumVisualStudioVersion = 10.0.40219.1
Project("{FAE04EC0-301F-11D3-BF4B-00C04F79EFBC}") = "Insurances", "Insurances.csproj", "{2A368139-8C14-4DEC-8248-FC52A2328F1B}"
EndProject
Global
	GlobalSection(SolutionConfigurationPlatforms) = preSolution
		Debug|Any CPU = Debug|Any CPU
		Release|Any CPU = Release|Any CPU
	EndGlobalSection
	GlobalSection(ProjectConfigurationPlatforms) = postSolution
		{2A368139-8C14-4DEC-8248-FC52A2328F1B}.Debug|Any CPU.ActiveCfg = Debug|Any CPU
		{2A368139-8C14-4DEC-8248-FC52A2328F1B}.Debug|Any CPU.Build.0 = Debug|Any CPU
		{2A368139-8C14-4DEC-8248-FC52A2328F1B}.Release|Any CPU.ActiveCfg = Release|Any CPU
		{2A368139-8C14-4DEC-8248-FC52A2328F1B}.Release|Any CPU.Build.0 = Release|Any CPU
	EndGlobalSection
	GlobalSection(SolutionProperties) = preSolution
		HideSolutionNode = FALSE
	EndGlobalSection
	GlobalSection(ExtensibilityGlobals) = postSolution
		SolutionGuid = {0FF283E6-2304-417B-843E-C11FBEAE869C}
	EndGlobalSection
EndGlobal
